<?xml version="1.0" encoding="utf-8"?>
<Project ToolsVersion="4.0" xmlns="http://schemas.microsoft.com/developer/msbuild/2003">
  <ItemGroup>
    <Filter Include="Source Files">
      <UniqueIdentifier>{4FC737F1-C7A5-4376-A066-2A32D752A2FF}</UniqueIdentifier>
      <Extensions>cpp;c;cc;cxx;c++;cppm;ixx;def;odl;idl;hpj;bat;asm;asmx</Extensions>
    </Filter>
    <Filter Include="Header Files">
      <UniqueIdentifier>{93995380-89BD-4b04-88EB-625FBE52EBFB}</UniqueIdentifier>
      <Extensions>h;hh;hpp;hxx;h++;hm;inl;inc;ipp;xsd</Extensions>
    </Filter>
    <Filter Include="Resource Files">
      <UniqueIdentifier>{67DA6AB6-F800-4c08-8B7A-83BB121AAD01}</UniqueIdentifier>
      <Extensions>rc;ico;cur;bmp;dlg;rc2;rct;bin;rgs;gif;jpg;jpeg;jpe;resx;tiff;tif;png;wav;mfcribbon-ms</Extensions>
    </Filter>
  </ItemGroup>
  <ItemGroup>
    <ClCompile Include="main.cpp">
      <Filter>Source Files</Filter>
    </ClCompile>
    <ClCompile Include="code\demo_camera.cpp">
      <Filter>Source Files</Filter>
    </ClCompile>
    <ClCompile Include="ImGui\imgui_widgets.cpp">
      <Filter>Source Files</Filter>
    </ClCompile>
    <ClCompile Include="ImGui\imgui_tables.cpp">
      <Filter>Source Files</Filter>
    </ClCompile>
    <ClCompile Include="ImGui\imgui_demo.cpp">
      <Filter>Source Files</Filter>
    </ClCompile>
    <ClCompile Include="ImGui\imgui_draw.cpp">
      <Filter>Source Files</Filter>
    </ClCompile>
    <ClCompile Include="rlImGui\rlImGui.cpp">
      <Filter>Source Files</Filter>
    </ClCompile>
    <ClCompile Include="ImGui\imgui.cpp">
      <Filter>Source Files</Filter>
    </ClCompile>
    <ClCompile Include="code\avalanche_controller.cpp">
      <Filter>Source Files</Filter>
    </ClCompile>
    <ClCompile Include="code\avalance_debug_placer.cpp">
      <Filter>Source Files</Filter>
    </ClCompile>
    <ClCompile Include="code\demo_imgui_interface.cpp">
      <Filter>Source Files</Filter>
    </ClCompile>
    <ClCompile Include="code\clock.cpp">
      <Filter>Source Files</Filter>
    </ClCompile>
  </ItemGroup>
  <ItemGroup>
    <ClInclude Include="code\avalanche_raylib_debug_drawer.hpp">
      <Filter>Header Files</Filter>
    </ClInclude>
    <ClInclude Include="code\demo_camera.hpp">
      <Filter>Header Files</Filter>
    </ClInclude>
    <ClInclude Include="code\clock.hpp">
      <Filter>Header Files</Filter>
    </ClInclude>
    <ClInclude Include="code\demo_imgui_interface.hpp">
      <Filter>Header Files</Filter>
    </ClInclude>
    <ClInclude Include="code\avalanche_controller.hpp">
      <Filter>Header Files</Filter>
    </ClInclude>
    <ClInclude Include="code\avalance_debug_placer.hpp">
      <Filter>Header Files</Filter>
    </ClInclude>
    <ClInclude Include="code\cell-behaviours\sand.hpp">
      <Filter>Header Files</Filter>
    </ClInclude>
    <ClInclude Include="code\cell-behaviours\fire.hpp">
      <Filter>Header Files</Filter>
    </ClInclude>
    <ClInclude Include="code\cell-behaviours\common-moves.hpp">
      <Filter>Header Files</Filter>
    </ClInclude>
    <ClInclude Include="code\cell-behaviours\water.hpp">
      <Filter>Header Files</Filter>
    </ClInclude>
    <ClInclude Include="code\cell-behaviours\smoke.hpp">
      <Filter>Header Files</Filter>
    </ClInclude>
    <ClInclude Include="code\cell-behaviours\lava.hpp">
      <Filter>Header Files</Filter>
    </ClInclude>
    <ClInclude Include="code\common.hpp">
      <Filter>Header Files</Filter>
    </ClInclude>
    <ClInclude Include="code\cell-behaviours\gun_powder.hpp">
      <Filter>Header Files</Filter>
    </ClInclude>
    <ClInclude Include="code\cell-behaviours\plant.hpp">
      <Filter>Header Files</Filter>
    </ClInclude>
  </ItemGroup>
</Project>